
Microsoft Visual Studio Solution File, Format Version 12.00
# Visual Studio Version 17
VisualStudioVersion = 17.0.31903.59
MinimumVisualStudioVersion = 10.0.40219.1
Project("{9A19103F-16F7-4668-BE54-9A1E7A4F7556}") = "Golive.Net", "src\Golive.Net\Golive.Net.csproj", "{737865BF-FE48-4A32-B615-2EF4E4AC2DB2}"
EndProject
Project("{2150E333-8FDC-42A3-9474-1A3956D46DE8}") = "Tests", "Tests", "{F345ED13-B059-47A6-8671-775DE84FD6EB}"
EndProject
Project("{9A19103F-16F7-4668-BE54-9A1E7A4F7556}") = "Golive.Net.Tests", "test\Golive.Net.Tests\Golive.Net.Tests.csproj", "{F95C374F-1D9E-47CA-AAAF-DFB9E7B6EAF8}"
EndProject
Project("{2150E333-8FDC-42A3-9474-1A3956D46DE8}") = "Solution Items", "Solution Items", "{A56012CD-39A3-4741-97FA-18A2E47F0A72}"
	ProjectSection(SolutionItems) = preProject
		.gitignore = .gitignore
		appveyor.yml = appveyor.yml
		global.json = global.json
		README.md = README.md
	EndProjectSection
EndProject
Global
	GlobalSection(SolutionConfigurationPlatforms) = preSolution
		Debug|Any CPU = Debug|Any CPU
		Release|Any CPU = Release|Any CPU
	EndGlobalSection
	GlobalSection(ProjectConfigurationPlatforms) = postSolution
		{737865BF-FE48-4A32-B615-2EF4E4AC2DB2}.Debug|Any CPU.ActiveCfg = Debug|Any CPU
		{737865BF-FE48-4A32-B615-2EF4E4AC2DB2}.Debug|Any CPU.Build.0 = Debug|Any CPU
		{737865BF-FE48-4A32-B615-2EF4E4AC2DB2}.Release|Any CPU.ActiveCfg = Release|Any CPU
		{737865BF-FE48-4A32-B615-2EF4E4AC2DB2}.Release|Any CPU.Build.0 = Release|Any CPU
		{F95C374F-1D9E-47CA-AAAF-DFB9E7B6EAF8}.Debug|Any CPU.ActiveCfg = Debug|Any CPU
		{F95C374F-1D9E-47CA-AAAF-DFB9E7B6EAF8}.Debug|Any CPU.Build.0 = Debug|Any CPU
		{F95C374F-1D9E-47CA-AAAF-DFB9E7B6EAF8}.Release|Any CPU.ActiveCfg = Release|Any CPU
		{F95C374F-1D9E-47CA-AAAF-DFB9E7B6EAF8}.Release|Any CPU.Build.0 = Release|Any CPU
	EndGlobalSection
	GlobalSection(SolutionProperties) = preSolution
		HideSolutionNode = FALSE
	EndGlobalSection
	GlobalSection(NestedProjects) = preSolution
		{F95C374F-1D9E-47CA-AAAF-DFB9E7B6EAF8} = {F345ED13-B059-47A6-8671-775DE84FD6EB}
	EndGlobalSection
	GlobalSection(ExtensibilityGlobals) = postSolution
		SolutionGuid = {9EB765BF-6D6B-4ABE-90C2-B058CA4AE838}
	EndGlobalSection
EndGlobal
